
Microsoft Visual Studio Solution File, Format Version 12.00
# Visual Studio 2013
VisualStudioVersion = 12.0.31101.0
MinimumVisualStudioVersion = 10.0.40219.1
Project("{FAE04EC0-301F-11D3-BF4B-00C04F79EFBC}") = "Droid_Speeching", "Droid_PeopleWithParkinsons\Droid_Speeching.csproj", "{F44A53F8-3F99-47C8-8BF4-B634880D4E7A}"
EndProject
Project("{FAE04EC0-301F-11D3-BF4B-00C04F79EFBC}") = "SpeechingShared", "SpeechingShared\SpeechingShared.csproj", "{C592A9E6-5DE7-462A-9901-343DD2FC25C5}"
EndProject
Project("{2150E333-8FDC-42A3-9474-1A3956D46DE8}") = "Windows_Speeching", "Windows_Speeching", "{BE3F1C4E-7F80-4DAF-97E9-8B4986506253}"
EndProject
Project("{D954291E-2A0B-460D-934E-DC6B0785DB48}") = "Windows_Speeching.Shared", "Windows_Speeching\Windows_Speeching.Shared\Windows_Speeching.Shared.shproj", "{ED60037D-88AE-468E-86DF-BCA8AD8E545E}"
EndProject
Project("{FAE04EC0-301F-11D3-BF4B-00C04F79EFBC}") = "Windows_Speeching.Windows", "Windows_Speeching\Windows_Speeching.Windows\Windows_Speeching.Windows.csproj", "{3A7F6C60-8C52-4615-9674-A30E7F223DE2}"
EndProject
Project("{FAE04EC0-301F-11D3-BF4B-00C04F79EFBC}") = "Windows_Speeching.WindowsPhone", "Windows_Speeching\Windows_Speeching.WindowsPhone\Windows_Speeching.WindowsPhone.csproj", "{CE12A567-9138-4BA3-AFFF-A04986B0CF7E}"
EndProject
Global
	GlobalSection(SolutionConfigurationPlatforms) = preSolution
		Ad-Hoc|Any CPU = Ad-Hoc|Any CPU
		Ad-Hoc|ARM = Ad-Hoc|ARM
		Ad-Hoc|iPhone = Ad-Hoc|iPhone
		Ad-Hoc|iPhoneSimulator = Ad-Hoc|iPhoneSimulator
		Ad-Hoc|Mixed Platforms = Ad-Hoc|Mixed Platforms
		Ad-Hoc|x64 = Ad-Hoc|x64
		Ad-Hoc|x86 = Ad-Hoc|x86
		AppStore|Any CPU = AppStore|Any CPU
		AppStore|ARM = AppStore|ARM
		AppStore|iPhone = AppStore|iPhone
		AppStore|iPhoneSimulator = AppStore|iPhoneSimulator
		AppStore|Mixed Platforms = AppStore|Mixed Platforms
		AppStore|x64 = AppStore|x64
		AppStore|x86 = AppStore|x86
		Debug|Any CPU = Debug|Any CPU
		Debug|ARM = Debug|ARM
		Debug|iPhone = Debug|iPhone
		Debug|iPhoneSimulator = Debug|iPhoneSimulator
		Debug|Mixed Platforms = Debug|Mixed Platforms
		Debug|x64 = Debug|x64
		Debug|x86 = Debug|x86
		Release|Any CPU = Release|Any CPU
		Release|ARM = Release|ARM
		Release|iPhone = Release|iPhone
		Release|iPhoneSimulator = Release|iPhoneSimulator
		Release|Mixed Platforms = Release|Mixed Platforms
		Release|x64 = Release|x64
		Release|x86 = Release|x86
	EndGlobalSection
	GlobalSection(ProjectConfigurationPlatforms) = postSolution
		{F44A53F8-3F99-47C8-8BF4-B634880D4E7A}.Ad-Hoc|Any CPU.ActiveCfg = Release|Any CPU
		{F44A53F8-3F99-47C8-8BF4-B634880D4E7A}.Ad-Hoc|Any CPU.Build.0 = Release|Any CPU
		{F44A53F8-3F99-47C8-8BF4-B634880D4E7A}.Ad-Hoc|Any CPU.Deploy.0 = Release|Any CPU
		{F44A53F8-3F99-47C8-8BF4-B634880D4E7A}.Ad-Hoc|ARM.ActiveCfg = Debug|Any CPU
		{F44A53F8-3F99-47C8-8BF4-B634880D4E7A}.Ad-Hoc|iPhone.ActiveCfg = Release|Any CPU
		{F44A53F8-3F99-47C8-8BF4-B634880D4E7A}.Ad-Hoc|iPhoneSimulator.ActiveCfg = Release|Any CPU
		{F44A53F8-3F99-47C8-8BF4-B634880D4E7A}.Ad-Hoc|Mixed Platforms.ActiveCfg = Release|Any CPU
		{F44A53F8-3F99-47C8-8BF4-B634880D4E7A}.Ad-Hoc|Mixed Platforms.Build.0 = Release|Any CPU
		{F44A53F8-3F99-47C8-8BF4-B634880D4E7A}.Ad-Hoc|Mixed Platforms.Deploy.0 = Release|Any CPU
		{F44A53F8-3F99-47C8-8BF4-B634880D4E7A}.Ad-Hoc|x64.ActiveCfg = Debug|Any CPU
		{F44A53F8-3F99-47C8-8BF4-B634880D4E7A}.Ad-Hoc|x86.ActiveCfg = Debug|Any CPU
		{F44A53F8-3F99-47C8-8BF4-B634880D4E7A}.AppStore|Any CPU.ActiveCfg = Release|Any CPU
		{F44A53F8-3F99-47C8-8BF4-B634880D4E7A}.AppStore|Any CPU.Build.0 = Release|Any CPU
		{F44A53F8-3F99-47C8-8BF4-B634880D4E7A}.AppStore|Any CPU.Deploy.0 = Release|Any CPU
		{F44A53F8-3F99-47C8-8BF4-B634880D4E7A}.AppStore|ARM.ActiveCfg = Debug|Any CPU
		{F44A53F8-3F99-47C8-8BF4-B634880D4E7A}.AppStore|iPhone.ActiveCfg = Release|Any CPU
		{F44A53F8-3F99-47C8-8BF4-B634880D4E7A}.AppStore|iPhoneSimulator.ActiveCfg = Release|Any CPU
		{F44A53F8-3F99-47C8-8BF4-B634880D4E7A}.AppStore|Mixed Platforms.ActiveCfg = Release|Any CPU
		{F44A53F8-3F99-47C8-8BF4-B634880D4E7A}.AppStore|Mixed Platforms.Build.0 = Release|Any CPU
		{F44A53F8-3F99-47C8-8BF4-B634880D4E7A}.AppStore|Mixed Platforms.Deploy.0 = Release|Any CPU
		{F44A53F8-3F99-47C8-8BF4-B634880D4E7A}.AppStore|x64.ActiveCfg = Debug|Any CPU
		{F44A53F8-3F99-47C8-8BF4-B634880D4E7A}.AppStore|x86.ActiveCfg = Debug|Any CPU
		{F44A53F8-3F99-47C8-8BF4-B634880D4E7A}.Debug|Any CPU.ActiveCfg = Debug|Any CPU
		{F44A53F8-3F99-47C8-8BF4-B634880D4E7A}.Debug|Any CPU.Build.0 = Debug|Any CPU
		{F44A53F8-3F99-47C8-8BF4-B634880D4E7A}.Debug|Any CPU.Deploy.0 = Debug|Any CPU
		{F44A53F8-3F99-47C8-8BF4-B634880D4E7A}.Debug|ARM.ActiveCfg = Debug|Any CPU
		{F44A53F8-3F99-47C8-8BF4-B634880D4E7A}.Debug|iPhone.ActiveCfg = Debug|Any CPU
		{F44A53F8-3F99-47C8-8BF4-B634880D4E7A}.Debug|iPhoneSimulator.ActiveCfg = Debug|Any CPU
		{F44A53F8-3F99-47C8-8BF4-B634880D4E7A}.Debug|Mixed Platforms.ActiveCfg = Debug|Any CPU
		{F44A53F8-3F99-47C8-8BF4-B634880D4E7A}.Debug|Mixed Platforms.Build.0 = Debug|Any CPU
		{F44A53F8-3F99-47C8-8BF4-B634880D4E7A}.Debug|Mixed Platforms.Deploy.0 = Debug|Any CPU
		{F44A53F8-3F99-47C8-8BF4-B634880D4E7A}.Debug|x64.ActiveCfg = Debug|Any CPU
		{F44A53F8-3F99-47C8-8BF4-B634880D4E7A}.Debug|x86.ActiveCfg = Debug|Any CPU
		{F44A53F8-3F99-47C8-8BF4-B634880D4E7A}.Release|Any CPU.ActiveCfg = Release|Any CPU
		{F44A53F8-3F99-47C8-8BF4-B634880D4E7A}.Release|Any CPU.Build.0 = Release|Any CPU
		{F44A53F8-3F99-47C8-8BF4-B634880D4E7A}.Release|Any CPU.Deploy.0 = Release|Any CPU
		{F44A53F8-3F99-47C8-8BF4-B634880D4E7A}.Release|ARM.ActiveCfg = Release|Any CPU
		{F44A53F8-3F99-47C8-8BF4-B634880D4E7A}.Release|iPhone.ActiveCfg = Release|Any CPU
		{F44A53F8-3F99-47C8-8BF4-B634880D4E7A}.Release|iPhoneSimulator.ActiveCfg = Release|Any CPU
		{F44A53F8-3F99-47C8-8BF4-B634880D4E7A}.Release|Mixed Platforms.ActiveCfg = Release|Any CPU
		{F44A53F8-3F99-47C8-8BF4-B634880D4E7A}.Release|Mixed Platforms.Build.0 = Release|Any CPU
		{F44A53F8-3F99-47C8-8BF4-B634880D4E7A}.Release|Mixed Platforms.Deploy.0 = Release|Any CPU
		{F44A53F8-3F99-47C8-8BF4-B634880D4E7A}.Release|x64.ActiveCfg = Release|Any CPU
		{F44A53F8-3F99-47C8-8BF4-B634880D4E7A}.Release|x86.ActiveCfg = Release|Any CPU
		{C592A9E6-5DE7-462A-9901-343DD2FC25C5}.Ad-Hoc|Any CPU.ActiveCfg = Release|Any CPU
		{C592A9E6-5DE7-462A-9901-343DD2FC25C5}.Ad-Hoc|Any CPU.Build.0 = Release|Any CPU
		{C592A9E6-5DE7-462A-9901-343DD2FC25C5}.Ad-Hoc|ARM.ActiveCfg = Debug|Any CPU
		{C592A9E6-5DE7-462A-9901-343DD2FC25C5}.Ad-Hoc|iPhone.ActiveCfg = Release|Any CPU
		{C592A9E6-5DE7-462A-9901-343DD2FC25C5}.Ad-Hoc|iPhoneSimulator.ActiveCfg = Release|Any CPU
		{C592A9E6-5DE7-462A-9901-343DD2FC25C5}.Ad-Hoc|Mixed Platforms.ActiveCfg = Release|Any CPU
		{C592A9E6-5DE7-462A-9901-343DD2FC25C5}.Ad-Hoc|Mixed Platforms.Build.0 = Release|Any CPU
		{C592A9E6-5DE7-462A-9901-343DD2FC25C5}.Ad-Hoc|x64.ActiveCfg = Debug|Any CPU
		{C592A9E6-5DE7-462A-9901-343DD2FC25C5}.Ad-Hoc|x86.ActiveCfg = Debug|Any CPU
		{C592A9E6-5DE7-462A-9901-343DD2FC25C5}.AppStore|Any CPU.ActiveCfg = Release|Any CPU
		{C592A9E6-5DE7-462A-9901-343DD2FC25C5}.AppStore|Any CPU.Build.0 = Release|Any CPU
		{C592A9E6-5DE7-462A-9901-343DD2FC25C5}.AppStore|ARM.ActiveCfg = Debug|Any CPU
		{C592A9E6-5DE7-462A-9901-343DD2FC25C5}.AppStore|iPhone.ActiveCfg = Release|Any CPU
		{C592A9E6-5DE7-462A-9901-343DD2FC25C5}.AppStore|iPhoneSimulator.ActiveCfg = Release|Any CPU
		{C592A9E6-5DE7-462A-9901-343DD2FC25C5}.AppStore|Mixed Platforms.ActiveCfg = Release|Any CPU
		{C592A9E6-5DE7-462A-9901-343DD2FC25C5}.AppStore|Mixed Platforms.Build.0 = Release|Any CPU
		{C592A9E6-5DE7-462A-9901-343DD2FC25C5}.AppStore|x64.ActiveCfg = Debug|Any CPU
		{C592A9E6-5DE7-462A-9901-343DD2FC25C5}.AppStore|x86.ActiveCfg = Debug|Any CPU
		{C592A9E6-5DE7-462A-9901-343DD2FC25C5}.Debug|Any CPU.ActiveCfg = Debug|Any CPU
		{C592A9E6-5DE7-462A-9901-343DD2FC25C5}.Debug|Any CPU.Build.0 = Debug|Any CPU
		{C592A9E6-5DE7-462A-9901-343DD2FC25C5}.Debug|ARM.ActiveCfg = Debug|Any CPU
		{C592A9E6-5DE7-462A-9901-343DD2FC25C5}.Debug|iPhone.ActiveCfg = Debug|Any CPU
		{C592A9E6-5DE7-462A-9901-343DD2FC25C5}.Debug|iPhoneSimulator.ActiveCfg = Debug|Any CPU
		{C592A9E6-5DE7-462A-9901-343DD2FC25C5}.Debug|Mixed Platforms.ActiveCfg = Debug|Any CPU
		{C592A9E6-5DE7-462A-9901-343DD2FC25C5}.Debug|Mixed Platforms.Build.0 = Debug|Any CPU
		{C592A9E6-5DE7-462A-9901-343DD2FC25C5}.Debug|x64.ActiveCfg = Debug|Any CPU
		{C592A9E6-5DE7-462A-9901-343DD2FC25C5}.Debug|x86.ActiveCfg = Debug|Any CPU
		{C592A9E6-5DE7-462A-9901-343DD2FC25C5}.Release|Any CPU.ActiveCfg = Release|Any CPU
		{C592A9E6-5DE7-462A-9901-343DD2FC25C5}.Release|Any CPU.Build.0 = Release|Any CPU
		{C592A9E6-5DE7-462A-9901-343DD2FC25C5}.Release|ARM.ActiveCfg = Release|Any CPU
		{C592A9E6-5DE7-462A-9901-343DD2FC25C5}.Release|iPhone.ActiveCfg = Release|Any CPU
		{C592A9E6-5DE7-462A-9901-343DD2FC25C5}.Release|iPhoneSimulator.ActiveCfg = Release|Any CPU
		{C592A9E6-5DE7-462A-9901-343DD2FC25C5}.Release|Mixed Platforms.ActiveCfg = Release|Any CPU
		{C592A9E6-5DE7-462A-9901-343DD2FC25C5}.Release|Mixed Platforms.Build.0 = Release|Any CPU
		{C592A9E6-5DE7-462A-9901-343DD2FC25C5}.Release|x64.ActiveCfg = Release|Any CPU
		{C592A9E6-5DE7-462A-9901-343DD2FC25C5}.Release|x86.ActiveCfg = Release|Any CPU
		{3A7F6C60-8C52-4615-9674-A30E7F223DE2}.Ad-Hoc|Any CPU.ActiveCfg = Release|Any CPU
		{3A7F6C60-8C52-4615-9674-A30E7F223DE2}.Ad-Hoc|Any CPU.Build.0 = Release|Any CPU
		{3A7F6C60-8C52-4615-9674-A30E7F223DE2}.Ad-Hoc|Any CPU.Deploy.0 = Release|Any CPU
		{3A7F6C60-8C52-4615-9674-A30E7F223DE2}.Ad-Hoc|ARM.ActiveCfg = Release|ARM
		{3A7F6C60-8C52-4615-9674-A30E7F223DE2}.Ad-Hoc|ARM.Build.0 = Release|ARM
		{3A7F6C60-8C52-4615-9674-A30E7F223DE2}.Ad-Hoc|ARM.Deploy.0 = Release|ARM
		{3A7F6C60-8C52-4615-9674-A30E7F223DE2}.Ad-Hoc|iPhone.ActiveCfg = Release|Any CPU
		{3A7F6C60-8C52-4615-9674-A30E7F223DE2}.Ad-Hoc|iPhoneSimulator.ActiveCfg = Release|Any CPU
		{3A7F6C60-8C52-4615-9674-A30E7F223DE2}.Ad-Hoc|Mixed Platforms.ActiveCfg = Release|x86
		{3A7F6C60-8C52-4615-9674-A30E7F223DE2}.Ad-Hoc|Mixed Platforms.Build.0 = Release|x86
		{3A7F6C60-8C52-4615-9674-A30E7F223DE2}.Ad-Hoc|Mixed Platforms.Deploy.0 = Release|x86
		{3A7F6C60-8C52-4615-9674-A30E7F223DE2}.Ad-Hoc|x64.ActiveCfg = Release|x64
		{3A7F6C60-8C52-4615-9674-A30E7F223DE2}.Ad-Hoc|x64.Build.0 = Release|x64
		{3A7F6C60-8C52-4615-9674-A30E7F223DE2}.Ad-Hoc|x64.Deploy.0 = Release|x64
		{3A7F6C60-8C52-4615-9674-A30E7F223DE2}.Ad-Hoc|x86.ActiveCfg = Release|x86
		{3A7F6C60-8C52-4615-9674-A30E7F223DE2}.Ad-Hoc|x86.Build.0 = Release|x86
		{3A7F6C60-8C52-4615-9674-A30E7F223DE2}.Ad-Hoc|x86.Deploy.0 = Release|x86
		{3A7F6C60-8C52-4615-9674-A30E7F223DE2}.AppStore|Any CPU.ActiveCfg = Release|Any CPU
		{3A7F6C60-8C52-4615-9674-A30E7F223DE2}.AppStore|Any CPU.Build.0 = Release|Any CPU
		{3A7F6C60-8C52-4615-9674-A30E7F223DE2}.AppStore|Any CPU.Deploy.0 = Release|Any CPU
		{3A7F6C60-8C52-4615-9674-A30E7F223DE2}.AppStore|ARM.ActiveCfg = Release|ARM
		{3A7F6C60-8C52-4615-9674-A30E7F223DE2}.AppStore|ARM.Build.0 = Release|ARM
		{3A7F6C60-8C52-4615-9674-A30E7F223DE2}.AppStore|ARM.Deploy.0 = Release|ARM
		{3A7F6C60-8C52-4615-9674-A30E7F223DE2}.AppStore|iPhone.ActiveCfg = Release|Any CPU
		{3A7F6C60-8C52-4615-9674-A30E7F223DE2}.AppStore|iPhoneSimulator.ActiveCfg = Release|Any CPU
		{3A7F6C60-8C52-4615-9674-A30E7F223DE2}.AppStore|Mixed Platforms.ActiveCfg = Release|x86
		{3A7F6C60-8C52-4615-9674-A30E7F223DE2}.AppStore|Mixed Platforms.Build.0 = Release|x86
		{3A7F6C60-8C52-4615-9674-A30E7F223DE2}.AppStore|Mixed Platforms.Deploy.0 = Release|x86
		{3A7F6C60-8C52-4615-9674-A30E7F223DE2}.AppStore|x64.ActiveCfg = Release|x64
		{3A7F6C60-8C52-4615-9674-A30E7F223DE2}.AppStore|x64.Build.0 = Release|x64
		{3A7F6C60-8C52-4615-9674-A30E7F223DE2}.AppStore|x64.Deploy.0 = Release|x64
		{3A7F6C60-8C52-4615-9674-A30E7F223DE2}.AppStore|x86.ActiveCfg = Release|x86
		{3A7F6C60-8C52-4615-9674-A30E7F223DE2}.AppStore|x86.Build.0 = Release|x86
		{3A7F6C60-8C52-4615-9674-A30E7F223DE2}.AppStore|x86.Deploy.0 = Release|x86
		{3A7F6C60-8C52-4615-9674-A30E7F223DE2}.Debug|Any CPU.ActiveCfg = Debug|Any CPU
		{3A7F6C60-8C52-4615-9674-A30E7F223DE2}.Debug|Any CPU.Build.0 = Debug|Any CPU
		{3A7F6C60-8C52-4615-9674-A30E7F223DE2}.Debug|Any CPU.Deploy.0 = Debug|Any CPU
		{3A7F6C60-8C52-4615-9674-A30E7F223DE2}.Debug|ARM.ActiveCfg = Debug|ARM
		{3A7F6C60-8C52-4615-9674-A30E7F223DE2}.Debug|ARM.Build.0 = Debug|ARM
		{3A7F6C60-8C52-4615-9674-A30E7F223DE2}.Debug|ARM.Deploy.0 = Debug|ARM
		{3A7F6C60-8C52-4615-9674-A30E7F223DE2}.Debug|iPhone.ActiveCfg = Debug|Any CPU
		{3A7F6C60-8C52-4615-9674-A30E7F223DE2}.Debug|iPhoneSimulator.ActiveCfg = Debug|Any CPU
		{3A7F6C60-8C52-4615-9674-A30E7F223DE2}.Debug|Mixed Platforms.ActiveCfg = Debug|x86
		{3A7F6C60-8C52-4615-9674-A30E7F223DE2}.Debug|Mixed Platforms.Build.0 = Debug|x86
		{3A7F6C60-8C52-4615-9674-A30E7F223DE2}.Debug|Mixed Platforms.Deploy.0 = Debug|x86
		{3A7F6C60-8C52-4615-9674-A30E7F223DE2}.Debug|x64.ActiveCfg = Debug|x64
		{3A7F6C60-8C52-4615-9674-A30E7F223DE2}.Debug|x64.Build.0 = Debug|x64
		{3A7F6C60-8C52-4615-9674-A30E7F223DE2}.Debug|x64.Deploy.0 = Debug|x64
		{3A7F6C60-8C52-4615-9674-A30E7F223DE2}.Debug|x86.ActiveCfg = Debug|x86
		{3A7F6C60-8C52-4615-9674-A30E7F223DE2}.Debug|x86.Build.0 = Debug|x86
		{3A7F6C60-8C52-4615-9674-A30E7F223DE2}.Debug|x86.Deploy.0 = Debug|x86
		{3A7F6C60-8C52-4615-9674-A30E7F223DE2}.Release|Any CPU.ActiveCfg = Release|Any CPU
		{3A7F6C60-8C52-4615-9674-A30E7F223DE2}.Release|Any CPU.Build.0 = Release|Any CPU
		{3A7F6C60-8C52-4615-9674-A30E7F223DE2}.Release|Any CPU.Deploy.0 = Release|Any CPU
		{3A7F6C60-8C52-4615-9674-A30E7F223DE2}.Release|ARM.ActiveCfg = Release|ARM
		{3A7F6C60-8C52-4615-9674-A30E7F223DE2}.Release|ARM.Build.0 = Release|ARM
		{3A7F6C60-8C52-4615-9674-A30E7F223DE2}.Release|ARM.Deploy.0 = Release|ARM
		{3A7F6C60-8C52-4615-9674-A30E7F223DE2}.Release|iPhone.ActiveCfg = Release|Any CPU
		{3A7F6C60-8C52-4615-9674-A30E7F223DE2}.Release|iPhoneSimulator.ActiveCfg = Release|Any CPU
		{3A7F6C60-8C52-4615-9674-A30E7F223DE2}.Release|Mixed Platforms.ActiveCfg = Release|x86
		{3A7F6C60-8C52-4615-9674-A30E7F223DE2}.Release|Mixed Platforms.Build.0 = Release|x86
		{3A7F6C60-8C52-4615-9674-A30E7F223DE2}.Release|Mixed Platforms.Deploy.0 = Release|x86
		{3A7F6C60-8C52-4615-9674-A30E7F223DE2}.Release|x64.ActiveCfg = Release|x64
		{3A7F6C60-8C52-4615-9674-A30E7F223DE2}.Release|x64.Build.0 = Release|x64
		{3A7F6C60-8C52-4615-9674-A30E7F223DE2}.Release|x64.Deploy.0 = Release|x64
		{3A7F6C60-8C52-4615-9674-A30E7F223DE2}.Release|x86.ActiveCfg = Release|x86
		{3A7F6C60-8C52-4615-9674-A30E7F223DE2}.Release|x86.Build.0 = Release|x86
		{3A7F6C60-8C52-4615-9674-A30E7F223DE2}.Release|x86.Deploy.0 = Release|x86
		{CE12A567-9138-4BA3-AFFF-A04986B0CF7E}.Ad-Hoc|Any CPU.ActiveCfg = Release|Any CPU
		{CE12A567-9138-4BA3-AFFF-A04986B0CF7E}.Ad-Hoc|Any CPU.Build.0 = Release|Any CPU
		{CE12A567-9138-4BA3-AFFF-A04986B0CF7E}.Ad-Hoc|Any CPU.Deploy.0 = Release|Any CPU
		{CE12A567-9138-4BA3-AFFF-A04986B0CF7E}.Ad-Hoc|ARM.ActiveCfg = Release|ARM
		{CE12A567-9138-4BA3-AFFF-A04986B0CF7E}.Ad-Hoc|ARM.Build.0 = Release|ARM
		{CE12A567-9138-4BA3-AFFF-A04986B0CF7E}.Ad-Hoc|ARM.Deploy.0 = Release|ARM
		{CE12A567-9138-4BA3-AFFF-A04986B0CF7E}.Ad-Hoc|iPhone.ActiveCfg = Release|Any CPU
		{CE12A567-9138-4BA3-AFFF-A04986B0CF7E}.Ad-Hoc|iPhoneSimulator.ActiveCfg = Release|Any CPU
		{CE12A567-9138-4BA3-AFFF-A04986B0CF7E}.Ad-Hoc|Mixed Platforms.ActiveCfg = Release|x86
		{CE12A567-9138-4BA3-AFFF-A04986B0CF7E}.Ad-Hoc|Mixed Platforms.Build.0 = Release|x86
		{CE12A567-9138-4BA3-AFFF-A04986B0CF7E}.Ad-Hoc|Mixed Platforms.Deploy.0 = Release|x86
		{CE12A567-9138-4BA3-AFFF-A04986B0CF7E}.Ad-Hoc|x64.ActiveCfg = Release|Any CPU
		{CE12A567-9138-4BA3-AFFF-A04986B0CF7E}.Ad-Hoc|x86.ActiveCfg = Release|x86
		{CE12A567-9138-4BA3-AFFF-A04986B0CF7E}.Ad-Hoc|x86.Build.0 = Release|x86
		{CE12A567-9138-4BA3-AFFF-A04986B0CF7E}.Ad-Hoc|x86.Deploy.0 = Release|x86
		{CE12A567-9138-4BA3-AFFF-A04986B0CF7E}.AppStore|Any CPU.ActiveCfg = Release|Any CPU
		{CE12A567-9138-4BA3-AFFF-A04986B0CF7E}.AppStore|Any CPU.Build.0 = Release|Any CPU
		{CE12A567-9138-4BA3-AFFF-A04986B0CF7E}.AppStore|Any CPU.Deploy.0 = Release|Any CPU
		{CE12A567-9138-4BA3-AFFF-A04986B0CF7E}.AppStore|ARM.ActiveCfg = Release|ARM
		{CE12A567-9138-4BA3-AFFF-A04986B0CF7E}.AppStore|ARM.Build.0 = Release|ARM
		{CE12A567-9138-4BA3-AFFF-A04986B0CF7E}.AppStore|ARM.Deploy.0 = Release|ARM
		{CE12A567-9138-4BA3-AFFF-A04986B0CF7E}.AppStore|iPhone.ActiveCfg = Release|Any CPU
		{CE12A567-9138-4BA3-AFFF-A04986B0CF7E}.AppStore|iPhoneSimulator.ActiveCfg = Release|Any CPU
		{CE12A567-9138-4BA3-AFFF-A04986B0CF7E}.AppStore|Mixed Platforms.ActiveCfg = Release|x86
		{CE12A567-9138-4BA3-AFFF-A04986B0CF7E}.AppStore|Mixed Platforms.Build.0 = Release|x86
		{CE12A567-9138-4BA3-AFFF-A04986B0CF7E}.AppStore|Mixed Platforms.Deploy.0 = Release|x86
		{CE12A567-9138-4BA3-AFFF-A04986B0CF7E}.AppStore|x64.ActiveCfg = Release|Any CPU
		{CE12A567-9138-4BA3-AFFF-A04986B0CF7E}.AppStore|x86.ActiveCfg = Release|x86
		{CE12A567-9138-4BA3-AFFF-A04986B0CF7E}.AppStore|x86.Build.0 = Release|x86
		{CE12A567-9138-4BA3-AFFF-A04986B0CF7E}.AppStore|x86.Deploy.0 = Release|x86
		{CE12A567-9138-4BA3-AFFF-A04986B0CF7E}.Debug|Any CPU.ActiveCfg = Debug|Any CPU
		{CE12A567-9138-4BA3-AFFF-A04986B0CF7E}.Debug|Any CPU.Build.0 = Debug|Any CPU
		{CE12A567-9138-4BA3-AFFF-A04986B0CF7E}.Debug|Any CPU.Deploy.0 = Debug|Any CPU
		{CE12A567-9138-4BA3-AFFF-A04986B0CF7E}.Debug|ARM.ActiveCfg = Debug|ARM
		{CE12A567-9138-4BA3-AFFF-A04986B0CF7E}.Debug|ARM.Build.0 = Debug|ARM
		{CE12A567-9138-4BA3-AFFF-A04986B0CF7E}.Debug|ARM.Deploy.0 = Debug|ARM
		{CE12A567-9138-4BA3-AFFF-A04986B0CF7E}.Debug|iPhone.ActiveCfg = Debug|Any CPU
		{CE12A567-9138-4BA3-AFFF-A04986B0CF7E}.Debug|iPhoneSimulator.ActiveCfg = Debug|Any CPU
		{CE12A567-9138-4BA3-AFFF-A04986B0CF7E}.Debug|Mixed Platforms.ActiveCfg = Debug|x86
		{CE12A567-9138-4BA3-AFFF-A04986B0CF7E}.Debug|Mixed Platforms.Build.0 = Debug|x86
		{CE12A567-9138-4BA3-AFFF-A04986B0CF7E}.Debug|Mixed Platforms.Deploy.0 = Debug|x86
		{CE12A567-9138-4BA3-AFFF-A04986B0CF7E}.Debug|x64.ActiveCfg = Debug|Any CPU
		{CE12A567-9138-4BA3-AFFF-A04986B0CF7E}.Debug|x86.ActiveCfg = Debug|x86
		{CE12A567-9138-4BA3-AFFF-A04986B0CF7E}.Debug|x86.Build.0 = Debug|x86
		{CE12A567-9138-4BA3-AFFF-A04986B0CF7E}.Debug|x86.Deploy.0 = Debug|x86
		{CE12A567-9138-4BA3-AFFF-A04986B0CF7E}.Release|Any CPU.ActiveCfg = Release|Any CPU
		{CE12A567-9138-4BA3-AFFF-A04986B0CF7E}.Release|Any CPU.Build.0 = Release|Any CPU
		{CE12A567-9138-4BA3-AFFF-A04986B0CF7E}.Release|Any CPU.Deploy.0 = Release|Any CPU
		{CE12A567-9138-4BA3-AFFF-A04986B0CF7E}.Release|ARM.ActiveCfg = Release|ARM
		{CE12A567-9138-4BA3-AFFF-A04986B0CF7E}.Release|ARM.Build.0 = Release|ARM
		{CE12A567-9138-4BA3-AFFF-A04986B0CF7E}.Release|ARM.Deploy.0 = Release|ARM
		{CE12A567-9138-4BA3-AFFF-A04986B0CF7E}.Release|iPhone.ActiveCfg = Release|Any CPU
		{CE12A567-9138-4BA3-AFFF-A04986B0CF7E}.Release|iPhoneSimulator.ActiveCfg = Release|Any CPU
		{CE12A567-9138-4BA3-AFFF-A04986B0CF7E}.Release|Mixed Platforms.ActiveCfg = Release|x86
		{CE12A567-9138-4BA3-AFFF-A04986B0CF7E}.Release|Mixed Platforms.Build.0 = Release|x86
		{CE12A567-9138-4BA3-AFFF-A04986B0CF7E}.Release|Mixed Platforms.Deploy.0 = Release|x86
		{CE12A567-9138-4BA3-AFFF-A04986B0CF7E}.Release|x64.ActiveCfg = Release|Any CPU
		{CE12A567-9138-4BA3-AFFF-A04986B0CF7E}.Release|x86.ActiveCfg = Release|x86
		{CE12A567-9138-4BA3-AFFF-A04986B0CF7E}.Release|x86.Build.0 = Release|x86
		{CE12A567-9138-4BA3-AFFF-A04986B0CF7E}.Release|x86.Deploy.0 = Release|x86
	EndGlobalSection
	GlobalSection(SolutionProperties) = preSolution
		HideSolutionNode = FALSE
	EndGlobalSection
	GlobalSection(NestedProjects) = preSolution
		{ED60037D-88AE-468E-86DF-BCA8AD8E545E} = {BE3F1C4E-7F80-4DAF-97E9-8B4986506253}
		{3A7F6C60-8C52-4615-9674-A30E7F223DE2} = {BE3F1C4E-7F80-4DAF-97E9-8B4986506253}
		{CE12A567-9138-4BA3-AFFF-A04986B0CF7E} = {BE3F1C4E-7F80-4DAF-97E9-8B4986506253}
	EndGlobalSection
EndGlobal
